{
  "lockfileVersion": 1,
  "workspaces": {
    "": {
      "name": "video-to-screenshots",
      "dependencies": {
        "@picocss/pico": "^2.1.1",
        "cheerio": "^1.1.0",
        "react": "^19.1.0",
        "react-dom": "^19.1.0",
        "react-router": "^7.6.2",
      },
      "devDependencies": {
        "@biomejs/biome": "2.0.6",
        "@playwright/test": "^1.53.1",
        "@types/bun": "^1.2.17",
        "@types/react": "^19.1.8",
        "@types/react-dom": "^19.1.6",
        "@vitejs/plugin-react-swc": "^3.10.2",
        "globals": "^16.2.0",
        "husky": "^9.1.7",
        "sass-embedded": "^1.89.2",
        "typescript": "~5.8.3",
        "vite": "^7.0.0",
      },
    },
  },
  "packages": {
    "@biomejs/biome": ["@biomejs/biome@2.0.6", "", { "optionalDependencies": { "@biomejs/cli-darwin-arm64": "2.0.6", "@biomejs/cli-darwin-x64": "2.0.6", "@biomejs/cli-linux-arm64": "2.0.6", "@biomejs/cli-linux-arm64-musl": "2.0.6", "@biomejs/cli-linux-x64": "2.0.6", "@biomejs/cli-linux-x64-musl": "2.0.6", "@biomejs/cli-win32-arm64": "2.0.6", "@biomejs/cli-win32-x64": "2.0.6" }, "bin": { "biome": "bin/biome" } }, "sha512-RRP+9cdh5qwe2t0gORwXaa27oTOiQRQvrFf49x2PA1tnpsyU7FIHX4ZOFMtBC4QNtyWsN7Dqkf5EDbg4X+9iqA=="],

    "@biomejs/cli-darwin-arm64": ["@biomejs/cli-darwin-arm64@2.0.6", "", { "os": "darwin", "cpu": "arm64" }, "sha512-AzdiNNjNzsE6LfqWyBvcL29uWoIuZUkndu+wwlXW13EKcBHbbKjNQEZIJKYDc6IL+p7bmWGx3v9ZtcRyIoIz5A=="],

    "@biomejs/cli-darwin-x64": ["@biomejs/cli-darwin-x64@2.0.6", "", { "os": "darwin", "cpu": "x64" }, "sha512-wJjjP4E7bO4WJmiQaLnsdXMa516dbtC6542qeRkyJg0MqMXP0fvs4gdsHhZ7p9XWTAmGIjZHFKXdsjBvKGIJJQ=="],

    "@biomejs/cli-linux-arm64": ["@biomejs/cli-linux-arm64@2.0.6", "", { "os": "linux", "cpu": "arm64" }, "sha512-ZSVf6TYo5rNMUHIW1tww+rs/krol7U5A1Is/yzWyHVZguuB0lBnIodqyFuwCNqG9aJGyk7xIMS8HG0qGUPz0SA=="],

    "@biomejs/cli-linux-arm64-musl": ["@biomejs/cli-linux-arm64-musl@2.0.6", "", { "os": "linux", "cpu": "arm64" }, "sha512-CVPEMlin3bW49sBqLBg2x016Pws7eUXA27XYDFlEtponD0luYjg2zQaMJ2nOqlkKG9fqzzkamdYxHdMDc2gZFw=="],

    "@biomejs/cli-linux-x64": ["@biomejs/cli-linux-x64@2.0.6", "", { "os": "linux", "cpu": "x64" }, "sha512-geM1MkHTV1Kh2Cs/Xzot9BOF3WBacihw6bkEmxkz4nSga8B9/hWy5BDiOG3gHDGIBa8WxT0nzsJs2f/hPqQIQw=="],

    "@biomejs/cli-linux-x64-musl": ["@biomejs/cli-linux-x64-musl@2.0.6", "", { "os": "linux", "cpu": "x64" }, "sha512-mKHE/e954hR/hSnAcJSjkf4xGqZc/53Kh39HVW1EgO5iFi0JutTN07TSjEMg616julRtfSNJi0KNyxvc30Y4rQ=="],

    "@biomejs/cli-win32-arm64": ["@biomejs/cli-win32-arm64@2.0.6", "", { "os": "win32", "cpu": "arm64" }, "sha512-290V4oSFoKaprKE1zkYVsDfAdn0An5DowZ+GIABgjoq1ndhvNxkJcpxPsiYtT7slbVe3xmlT0ncdfOsN7KruzA=="],

    "@biomejs/cli-win32-x64": ["@biomejs/cli-win32-x64@2.0.6", "", { "os": "win32", "cpu": "x64" }, "sha512-bfM1Bce0d69Ao7pjTjUS+AWSZ02+5UHdiAP85Th8e9yV5xzw6JrHXbL5YWlcEKQ84FIZMdDc7ncuti1wd2sdbw=="],

    "@bufbuild/protobuf": ["@bufbuild/protobuf@2.5.2", "", {}, "sha512-foZ7qr0IsUBjzWIq+SuBLfdQCpJ1j8cTuNNT4owngTHoN5KsJb8L9t65fzz7SCeSWzescoOil/0ldqiL041ABg=="],

    "@esbuild/aix-ppc64": ["@esbuild/aix-ppc64@0.25.5", "", { "os": "aix", "cpu": "ppc64" }, "sha512-9o3TMmpmftaCMepOdA5k/yDw8SfInyzWWTjYTFCX3kPSDJMROQTb8jg+h9Cnwnmm1vOzvxN7gIfB5V2ewpjtGA=="],

    "@esbuild/android-arm": ["@esbuild/android-arm@0.25.5", "", { "os": "android", "cpu": "arm" }, "sha512-AdJKSPeEHgi7/ZhuIPtcQKr5RQdo6OO2IL87JkianiMYMPbCtot9fxPbrMiBADOWWm3T2si9stAiVsGbTQFkbA=="],

    "@esbuild/android-arm64": ["@esbuild/android-arm64@0.25.5", "", { "os": "android", "cpu": "arm64" }, "sha512-VGzGhj4lJO+TVGV1v8ntCZWJktV7SGCs3Pn1GRWI1SBFtRALoomm8k5E9Pmwg3HOAal2VDc2F9+PM/rEY6oIDg=="],

    "@esbuild/android-x64": ["@esbuild/android-x64@0.25.5", "", { "os": "android", "cpu": "x64" }, "sha512-D2GyJT1kjvO//drbRT3Hib9XPwQeWd9vZoBJn+bu/lVsOZ13cqNdDeqIF/xQ5/VmWvMduP6AmXvylO/PIc2isw=="],

    "@esbuild/darwin-arm64": ["@esbuild/darwin-arm64@0.25.5", "", { "os": "darwin", "cpu": "arm64" }, "sha512-GtaBgammVvdF7aPIgH2jxMDdivezgFu6iKpmT+48+F8Hhg5J/sfnDieg0aeG/jfSvkYQU2/pceFPDKlqZzwnfQ=="],

    "@esbuild/darwin-x64": ["@esbuild/darwin-x64@0.25.5", "", { "os": "darwin", "cpu": "x64" }, "sha512-1iT4FVL0dJ76/q1wd7XDsXrSW+oLoquptvh4CLR4kITDtqi2e/xwXwdCVH8hVHU43wgJdsq7Gxuzcs6Iq/7bxQ=="],

    "@esbuild/freebsd-arm64": ["@esbuild/freebsd-arm64@0.25.5", "", { "os": "freebsd", "cpu": "arm64" }, "sha512-nk4tGP3JThz4La38Uy/gzyXtpkPW8zSAmoUhK9xKKXdBCzKODMc2adkB2+8om9BDYugz+uGV7sLmpTYzvmz6Sw=="],

    "@esbuild/freebsd-x64": ["@esbuild/freebsd-x64@0.25.5", "", { "os": "freebsd", "cpu": "x64" }, "sha512-PrikaNjiXdR2laW6OIjlbeuCPrPaAl0IwPIaRv+SMV8CiM8i2LqVUHFC1+8eORgWyY7yhQY+2U2fA55mBzReaw=="],

    "@esbuild/linux-arm": ["@esbuild/linux-arm@0.25.5", "", { "os": "linux", "cpu": "arm" }, "sha512-cPzojwW2okgh7ZlRpcBEtsX7WBuqbLrNXqLU89GxWbNt6uIg78ET82qifUy3W6OVww6ZWobWub5oqZOVtwolfw=="],

    "@esbuild/linux-arm64": ["@esbuild/linux-arm64@0.25.5", "", { "os": "linux", "cpu": "arm64" }, "sha512-Z9kfb1v6ZlGbWj8EJk9T6czVEjjq2ntSYLY2cw6pAZl4oKtfgQuS4HOq41M/BcoLPzrUbNd+R4BXFyH//nHxVg=="],

    "@esbuild/linux-ia32": ["@esbuild/linux-ia32@0.25.5", "", { "os": "linux", "cpu": "ia32" }, "sha512-sQ7l00M8bSv36GLV95BVAdhJ2QsIbCuCjh/uYrWiMQSUuV+LpXwIqhgJDcvMTj+VsQmqAHL2yYaasENvJ7CDKA=="],

    "@esbuild/linux-loong64": ["@esbuild/linux-loong64@0.25.5", "", { "os": "linux", "cpu": "none" }, "sha512-0ur7ae16hDUC4OL5iEnDb0tZHDxYmuQyhKhsPBV8f99f6Z9KQM02g33f93rNH5A30agMS46u2HP6qTdEt6Q1kg=="],

    "@esbuild/linux-mips64el": ["@esbuild/linux-mips64el@0.25.5", "", { "os": "linux", "cpu": "none" }, "sha512-kB/66P1OsHO5zLz0i6X0RxlQ+3cu0mkxS3TKFvkb5lin6uwZ/ttOkP3Z8lfR9mJOBk14ZwZ9182SIIWFGNmqmg=="],

    "@esbuild/linux-ppc64": ["@esbuild/linux-ppc64@0.25.5", "", { "os": "linux", "cpu": "ppc64" }, "sha512-UZCmJ7r9X2fe2D6jBmkLBMQetXPXIsZjQJCjgwpVDz+YMcS6oFR27alkgGv3Oqkv07bxdvw7fyB71/olceJhkQ=="],

    "@esbuild/linux-riscv64": ["@esbuild/linux-riscv64@0.25.5", "", { "os": "linux", "cpu": "none" }, "sha512-kTxwu4mLyeOlsVIFPfQo+fQJAV9mh24xL+y+Bm6ej067sYANjyEw1dNHmvoqxJUCMnkBdKpvOn0Ahql6+4VyeA=="],

    "@esbuild/linux-s390x": ["@esbuild/linux-s390x@0.25.5", "", { "os": "linux", "cpu": "s390x" }, "sha512-K2dSKTKfmdh78uJ3NcWFiqyRrimfdinS5ErLSn3vluHNeHVnBAFWC8a4X5N+7FgVE1EjXS1QDZbpqZBjfrqMTQ=="],

    "@esbuild/linux-x64": ["@esbuild/linux-x64@0.25.5", "", { "os": "linux", "cpu": "x64" }, "sha512-uhj8N2obKTE6pSZ+aMUbqq+1nXxNjZIIjCjGLfsWvVpy7gKCOL6rsY1MhRh9zLtUtAI7vpgLMK6DxjO8Qm9lJw=="],

    "@esbuild/netbsd-arm64": ["@esbuild/netbsd-arm64@0.25.5", "", { "os": "none", "cpu": "arm64" }, "sha512-pwHtMP9viAy1oHPvgxtOv+OkduK5ugofNTVDilIzBLpoWAM16r7b/mxBvfpuQDpRQFMfuVr5aLcn4yveGvBZvw=="],

    "@esbuild/netbsd-x64": ["@esbuild/netbsd-x64@0.25.5", "", { "os": "none", "cpu": "x64" }, "sha512-WOb5fKrvVTRMfWFNCroYWWklbnXH0Q5rZppjq0vQIdlsQKuw6mdSihwSo4RV/YdQ5UCKKvBy7/0ZZYLBZKIbwQ=="],

    "@esbuild/openbsd-arm64": ["@esbuild/openbsd-arm64@0.25.5", "", { "os": "openbsd", "cpu": "arm64" }, "sha512-7A208+uQKgTxHd0G0uqZO8UjK2R0DDb4fDmERtARjSHWxqMTye4Erz4zZafx7Di9Cv+lNHYuncAkiGFySoD+Mw=="],

    "@esbuild/openbsd-x64": ["@esbuild/openbsd-x64@0.25.5", "", { "os": "openbsd", "cpu": "x64" }, "sha512-G4hE405ErTWraiZ8UiSoesH8DaCsMm0Cay4fsFWOOUcz8b8rC6uCvnagr+gnioEjWn0wC+o1/TAHt+It+MpIMg=="],

    "@esbuild/sunos-x64": ["@esbuild/sunos-x64@0.25.5", "", { "os": "sunos", "cpu": "x64" }, "sha512-l+azKShMy7FxzY0Rj4RCt5VD/q8mG/e+mDivgspo+yL8zW7qEwctQ6YqKX34DTEleFAvCIUviCFX1SDZRSyMQA=="],

    "@esbuild/win32-arm64": ["@esbuild/win32-arm64@0.25.5", "", { "os": "win32", "cpu": "arm64" }, "sha512-O2S7SNZzdcFG7eFKgvwUEZ2VG9D/sn/eIiz8XRZ1Q/DO5a3s76Xv0mdBzVM5j5R639lXQmPmSo0iRpHqUUrsxw=="],

    "@esbuild/win32-ia32": ["@esbuild/win32-ia32@0.25.5", "", { "os": "win32", "cpu": "ia32" }, "sha512-onOJ02pqs9h1iMJ1PQphR+VZv8qBMQ77Klcsqv9CNW2w6yLqoURLcgERAIurY6QE63bbLuqgP9ATqajFLK5AMQ=="],

    "@esbuild/win32-x64": ["@esbuild/win32-x64@0.25.5", "", { "os": "win32", "cpu": "x64" }, "sha512-TXv6YnJ8ZMVdX+SXWVBo/0p8LTcrUYngpWjvm91TMjjBQii7Oz11Lw5lbDV5Y0TzuhSJHwiH4hEtC1I42mMS0g=="],

    "@picocss/pico": ["@picocss/pico@2.1.1", "", {}, "sha512-kIDugA7Ps4U+2BHxiNHmvgPIQDWPDU4IeU6TNRdvXQM1uZX+FibqDQT2xUOnnO2yq/LUHcwnGlu1hvf4KfXnMg=="],

    "@playwright/test": ["@playwright/test@1.53.1", "", { "dependencies": { "playwright": "1.53.1" }, "bin": { "playwright": "cli.js" } }, "sha512-Z4c23LHV0muZ8hfv4jw6HngPJkbbtZxTkxPNIg7cJcTc9C28N/p2q7g3JZS2SiKBBHJ3uM1dgDye66bB7LEk5w=="],

    "@rolldown/pluginutils": ["@rolldown/pluginutils@1.0.0-beta.11", "", {}, "sha512-L/gAA/hyCSuzTF1ftlzUSI/IKr2POHsv1Dd78GfqkR83KMNuswWD61JxGV2L7nRwBBBSDr6R1gCkdTmoN7W4ag=="],

    "@rollup/rollup-android-arm-eabi": ["@rollup/rollup-android-arm-eabi@4.42.0", "", { "os": "android", "cpu": "arm" }, "sha512-gldmAyS9hpj+H6LpRNlcjQWbuKUtb94lodB9uCz71Jm+7BxK1VIOo7y62tZZwxhA7j1ylv/yQz080L5WkS+LoQ=="],

    "@rollup/rollup-android-arm64": ["@rollup/rollup-android-arm64@4.42.0", "", { "os": "android", "cpu": "arm64" }, "sha512-bpRipfTgmGFdCZDFLRvIkSNO1/3RGS74aWkJJTFJBH7h3MRV4UijkaEUeOMbi9wxtxYmtAbVcnMtHTPBhLEkaw=="],

    "@rollup/rollup-darwin-arm64": ["@rollup/rollup-darwin-arm64@4.42.0", "", { "os": "darwin", "cpu": "arm64" }, "sha512-JxHtA081izPBVCHLKnl6GEA0w3920mlJPLh89NojpU2GsBSB6ypu4erFg/Wx1qbpUbepn0jY4dVWMGZM8gplgA=="],

    "@rollup/rollup-darwin-x64": ["@rollup/rollup-darwin-x64@4.42.0", "", { "os": "darwin", "cpu": "x64" }, "sha512-rv5UZaWVIJTDMyQ3dCEK+m0SAn6G7H3PRc2AZmExvbDvtaDc+qXkei0knQWcI3+c9tEs7iL/4I4pTQoPbNL2SA=="],

    "@rollup/rollup-freebsd-arm64": ["@rollup/rollup-freebsd-arm64@4.42.0", "", { "os": "freebsd", "cpu": "arm64" }, "sha512-fJcN4uSGPWdpVmvLuMtALUFwCHgb2XiQjuECkHT3lWLZhSQ3MBQ9pq+WoWeJq2PrNxr9rPM1Qx+IjyGj8/c6zQ=="],

    "@rollup/rollup-freebsd-x64": ["@rollup/rollup-freebsd-x64@4.42.0", "", { "os": "freebsd", "cpu": "x64" }, "sha512-CziHfyzpp8hJpCVE/ZdTizw58gr+m7Y2Xq5VOuCSrZR++th2xWAz4Nqk52MoIIrV3JHtVBhbBsJcAxs6NammOQ=="],

    "@rollup/rollup-linux-arm-gnueabihf": ["@rollup/rollup-linux-arm-gnueabihf@4.42.0", "", { "os": "linux", "cpu": "arm" }, "sha512-UsQD5fyLWm2Fe5CDM7VPYAo+UC7+2Px4Y+N3AcPh/LdZu23YcuGPegQly++XEVaC8XUTFVPscl5y5Cl1twEI4A=="],

    "@rollup/rollup-linux-arm-musleabihf": ["@rollup/rollup-linux-arm-musleabihf@4.42.0", "", { "os": "linux", "cpu": "arm" }, "sha512-/i8NIrlgc/+4n1lnoWl1zgH7Uo0XK5xK3EDqVTf38KvyYgCU/Rm04+o1VvvzJZnVS5/cWSd07owkzcVasgfIkQ=="],

    "@rollup/rollup-linux-arm64-gnu": ["@rollup/rollup-linux-arm64-gnu@4.42.0", "", { "os": "linux", "cpu": "arm64" }, "sha512-eoujJFOvoIBjZEi9hJnXAbWg+Vo1Ov8n/0IKZZcPZ7JhBzxh2A+2NFyeMZIRkY9iwBvSjloKgcvnjTbGKHE44Q=="],

    "@rollup/rollup-linux-arm64-musl": ["@rollup/rollup-linux-arm64-musl@4.42.0", "", { "os": "linux", "cpu": "arm64" }, "sha512-/3NrcOWFSR7RQUQIuZQChLND36aTU9IYE4j+TB40VU78S+RA0IiqHR30oSh6P1S9f9/wVOenHQnacs/Byb824g=="],

    "@rollup/rollup-linux-loongarch64-gnu": ["@rollup/rollup-linux-loongarch64-gnu@4.42.0", "", { "os": "linux", "cpu": "none" }, "sha512-O8AplvIeavK5ABmZlKBq9/STdZlnQo7Sle0LLhVA7QT+CiGpNVe197/t8Aph9bhJqbDVGCHpY2i7QyfEDDStDg=="],

    "@rollup/rollup-linux-powerpc64le-gnu": ["@rollup/rollup-linux-powerpc64le-gnu@4.42.0", "", { "os": "linux", "cpu": "ppc64" }, "sha512-6Qb66tbKVN7VyQrekhEzbHRxXXFFD8QKiFAwX5v9Xt6FiJ3BnCVBuyBxa2fkFGqxOCSGGYNejxd8ht+q5SnmtA=="],

    "@rollup/rollup-linux-riscv64-gnu": ["@rollup/rollup-linux-riscv64-gnu@4.42.0", "", { "os": "linux", "cpu": "none" }, "sha512-KQETDSEBamQFvg/d8jajtRwLNBlGc3aKpaGiP/LvEbnmVUKlFta1vqJqTrvPtsYsfbE/DLg5CC9zyXRX3fnBiA=="],

    "@rollup/rollup-linux-riscv64-musl": ["@rollup/rollup-linux-riscv64-musl@4.42.0", "", { "os": "linux", "cpu": "none" }, "sha512-qMvnyjcU37sCo/tuC+JqeDKSuukGAd+pVlRl/oyDbkvPJ3awk6G6ua7tyum02O3lI+fio+eM5wsVd66X0jQtxw=="],

    "@rollup/rollup-linux-s390x-gnu": ["@rollup/rollup-linux-s390x-gnu@4.42.0", "", { "os": "linux", "cpu": "s390x" }, "sha512-I2Y1ZUgTgU2RLddUHXTIgyrdOwljjkmcZ/VilvaEumtS3Fkuhbw4p4hgHc39Ypwvo2o7sBFNl2MquNvGCa55Iw=="],

    "@rollup/rollup-linux-x64-gnu": ["@rollup/rollup-linux-x64-gnu@4.42.0", "", { "os": "linux", "cpu": "x64" }, "sha512-Gfm6cV6mj3hCUY8TqWa63DB8Mx3NADoFwiJrMpoZ1uESbK8FQV3LXkhfry+8bOniq9pqY1OdsjFWNsSbfjPugw=="],

    "@rollup/rollup-linux-x64-musl": ["@rollup/rollup-linux-x64-musl@4.42.0", "", { "os": "linux", "cpu": "x64" }, "sha512-g86PF8YZ9GRqkdi0VoGlcDUb4rYtQKyTD1IVtxxN4Hpe7YqLBShA7oHMKU6oKTCi3uxwW4VkIGnOaH/El8de3w=="],

    "@rollup/rollup-win32-arm64-msvc": ["@rollup/rollup-win32-arm64-msvc@4.42.0", "", { "os": "win32", "cpu": "arm64" }, "sha512-+axkdyDGSp6hjyzQ5m1pgcvQScfHnMCcsXkx8pTgy/6qBmWVhtRVlgxjWwDp67wEXXUr0x+vD6tp5W4x6V7u1A=="],

    "@rollup/rollup-win32-ia32-msvc": ["@rollup/rollup-win32-ia32-msvc@4.42.0", "", { "os": "win32", "cpu": "ia32" }, "sha512-F+5J9pelstXKwRSDq92J0TEBXn2nfUrQGg+HK1+Tk7VOL09e0gBqUHugZv7SW4MGrYj41oNCUe3IKCDGVlis2g=="],

    "@rollup/rollup-win32-x64-msvc": ["@rollup/rollup-win32-x64-msvc@4.42.0", "", { "os": "win32", "cpu": "x64" }, "sha512-LpHiJRwkaVz/LqjHjK8LCi8osq7elmpwujwbXKNW88bM8eeGxavJIKKjkjpMHAh/2xfnrt1ZSnhTv41WYUHYmA=="],

    "@swc/core": ["@swc/core@1.11.31", "", { "dependencies": { "@swc/counter": "^0.1.3", "@swc/types": "^0.1.21" }, "optionalDependencies": { "@swc/core-darwin-arm64": "1.11.31", "@swc/core-darwin-x64": "1.11.31", "@swc/core-linux-arm-gnueabihf": "1.11.31", "@swc/core-linux-arm64-gnu": "1.11.31", "@swc/core-linux-arm64-musl": "1.11.31", "@swc/core-linux-x64-gnu": "1.11.31", "@swc/core-linux-x64-musl": "1.11.31", "@swc/core-win32-arm64-msvc": "1.11.31", "@swc/core-win32-ia32-msvc": "1.11.31", "@swc/core-win32-x64-msvc": "1.11.31" }, "peerDependencies": { "@swc/helpers": ">=0.5.17" }, "optionalPeers": ["@swc/helpers"] }, "sha512-mAby9aUnKRjMEA7v8cVZS9Ah4duoRBnX7X6r5qrhTxErx+68MoY1TPrVwj/66/SWN3Bl+jijqAqoB8Qx0QE34A=="],

    "@swc/core-darwin-arm64": ["@swc/core-darwin-arm64@1.11.31", "", { "os": "darwin", "cpu": "arm64" }, "sha512-NTEaYOts0OGSbJZc0O74xsji+64JrF1stmBii6D5EevWEtrY4wlZhm8SiP/qPrOB+HqtAihxWIukWkP2aSdGSQ=="],

    "@swc/core-darwin-x64": ["@swc/core-darwin-x64@1.11.31", "", { "os": "darwin", "cpu": "x64" }, "sha512-THSGaSwT96JwXDwuXQ6yFBbn+xDMdyw7OmBpnweAWsh5DhZmQkALEm1DgdQO3+rrE99MkmzwAfclc0UmYro/OA=="],

    "@swc/core-linux-arm-gnueabihf": ["@swc/core-linux-arm-gnueabihf@1.11.31", "", { "os": "linux", "cpu": "arm" }, "sha512-laKtQFnW7KHgE57Hx32os2SNAogcuIDxYE+3DYIOmDMqD7/1DCfJe6Rln2N9WcOw6HuDbDpyQavIwZNfSAa8vQ=="],

    "@swc/core-linux-arm64-gnu": ["@swc/core-linux-arm64-gnu@1.11.31", "", { "os": "linux", "cpu": "arm64" }, "sha512-T+vGw9aPE1YVyRxRr1n7NAdkbgzBzrXCCJ95xAZc/0+WUwmL77Z+js0J5v1KKTRxw4FvrslNCOXzMWrSLdwPSA=="],

    "@swc/core-linux-arm64-musl": ["@swc/core-linux-arm64-musl@1.11.31", "", { "os": "linux", "cpu": "arm64" }, "sha512-Mztp5NZkyd5MrOAG+kl+QSn0lL4Uawd4CK4J7wm97Hs44N9DHGIG5nOz7Qve1KZo407Y25lTxi/PqzPKHo61zQ=="],

    "@swc/core-linux-x64-gnu": ["@swc/core-linux-x64-gnu@1.11.31", "", { "os": "linux", "cpu": "x64" }, "sha512-DDVE0LZcXOWwOqFU1Xi7gdtiUg3FHA0vbGb3trjWCuI1ZtDZHEQYL4M3/2FjqKZtIwASrDvO96w91okZbXhvMg=="],

    "@swc/core-linux-x64-musl": ["@swc/core-linux-x64-musl@1.11.31", "", { "os": "linux", "cpu": "x64" }, "sha512-mJA1MzPPRIfaBUHZi0xJQ4vwL09MNWDeFtxXb0r4Yzpf0v5Lue9ymumcBPmw/h6TKWms+Non4+TDquAsweuKSw=="],

    "@swc/core-win32-arm64-msvc": ["@swc/core-win32-arm64-msvc@1.11.31", "", { "os": "win32", "cpu": "arm64" }, "sha512-RdtakUkNVAb/FFIMw3LnfNdlH1/ep6KgiPDRlmyUfd0WdIQ3OACmeBegEFNFTzi7gEuzy2Yxg4LWf4IUVk8/bg=="],

    "@swc/core-win32-ia32-msvc": ["@swc/core-win32-ia32-msvc@1.11.31", "", { "os": "win32", "cpu": "ia32" }, "sha512-hErXdCGsg7swWdG1fossuL8542I59xV+all751mYlBoZ8kOghLSKObGQTkBbuNvc0sUKWfWg1X0iBuIhAYar+w=="],

    "@swc/core-win32-x64-msvc": ["@swc/core-win32-x64-msvc@1.11.31", "", { "os": "win32", "cpu": "x64" }, "sha512-5t7SGjUBMMhF9b5j17ml/f/498kiBJNf4vZFNM421UGUEETdtjPN9jZIuQrowBkoFGJTCVL/ECM4YRtTH30u/A=="],

    "@swc/counter": ["@swc/counter@0.1.3", "", {}, "sha512-e2BR4lsJkkRlKZ/qCHPw9ZaSxc0MVUd7gtbtaB7aMvHeJVYe8sOB8DBZkP2DtISHGSku9sCK6T6cnY0CtXrOCQ=="],

    "@swc/types": ["@swc/types@0.1.22", "", { "dependencies": { "@swc/counter": "^0.1.3" } }, "sha512-D13mY/ZA4PPEFSy6acki9eBT/3WgjMoRqNcdpIvjaYLQ44Xk5BdaL7UkDxAh6Z9UOe7tCCp67BVmZCojYp9owg=="],

    "@types/bun": ["@types/bun@1.2.17", "", { "dependencies": { "bun-types": "1.2.17" } }, "sha512-l/BYs/JYt+cXA/0+wUhulYJB6a6p//GTPiJ7nV+QHa8iiId4HZmnu/3J/SowP5g0rTiERY2kfGKXEK5Ehltx4Q=="],

    "@types/estree": ["@types/estree@1.0.7", "", {}, "sha512-w28IoSUCJpidD/TGviZwwMJckNESJZXFu7NBZ5YJ4mEUnNraUn9Pm8HSZm/jDF1pDWYKspWE7oVphigUPRakIQ=="],

    "@types/node": ["@types/node@24.0.1", "", { "dependencies": { "undici-types": "~7.8.0" } }, "sha512-MX4Zioh39chHlDJbKmEgydJDS3tspMP/lnQC67G3SWsTnb9NeYVWOjkxpOSy4oMfPs4StcWHwBrvUb4ybfnuaw=="],

    "@types/react": ["@types/react@19.1.8", "", { "dependencies": { "csstype": "^3.0.2" } }, "sha512-AwAfQ2Wa5bCx9WP8nZL2uMZWod7J7/JSplxbTmBQ5ms6QpqNYm672H0Vu9ZVKVngQ+ii4R/byguVEUZQyeg44g=="],

    "@types/react-dom": ["@types/react-dom@19.1.6", "", { "peerDependencies": { "@types/react": "^19.0.0" } }, "sha512-4hOiT/dwO8Ko0gV1m/TJZYk3y0KBnY9vzDh7W+DH17b2HFSOGgdj33dhihPeuy3l0q23+4e+hoXHV6hCC4dCXw=="],

    "@vitejs/plugin-react-swc": ["@vitejs/plugin-react-swc@3.10.2", "", { "dependencies": { "@rolldown/pluginutils": "1.0.0-beta.11", "@swc/core": "^1.11.31" }, "peerDependencies": { "vite": "^4 || ^5 || ^6 || ^7.0.0-beta.0" } }, "sha512-xD3Rdvrt5LgANug7WekBn1KhcvLn1H3jNBfJRL3reeOIua/WnZOEV5qi5qIBq5T8R0jUDmRtxuvk4bPhzGHDWw=="],

    "boolbase": ["boolbase@1.0.0", "", {}, "sha512-JZOSA7Mo9sNGB8+UjSgzdLtokWAky1zbztM3WRLCbZ70/3cTANmQmOdR7y2g+J0e2WXywy1yS468tY+IruqEww=="],

    "buffer-builder": ["buffer-builder@0.2.0", "", {}, "sha512-7VPMEPuYznPSoR21NE1zvd2Xna6c/CloiZCfcMXR1Jny6PjX0N4Nsa38zcBFo/FMK+BlA+FLKbJCQ0i2yxp+Xg=="],

    "bun-types": ["bun-types@1.2.17", "", { "dependencies": { "@types/node": "*" } }, "sha512-ElC7ItwT3SCQwYZDYoAH+q6KT4Fxjl8DtZ6qDulUFBmXA8YB4xo+l54J9ZJN+k2pphfn9vk7kfubeSd5QfTVJQ=="],

    "cheerio": ["cheerio@1.1.0", "", { "dependencies": { "cheerio-select": "^2.1.0", "dom-serializer": "^2.0.0", "domhandler": "^5.0.3", "domutils": "^3.2.2", "encoding-sniffer": "^0.2.0", "htmlparser2": "^10.0.0", "parse5": "^7.3.0", "parse5-htmlparser2-tree-adapter": "^7.1.0", "parse5-parser-stream": "^7.1.2", "undici": "^7.10.0", "whatwg-mimetype": "^4.0.0" } }, "sha512-+0hMx9eYhJvWbgpKV9hN7jg0JcwydpopZE4hgi+KvQtByZXPp04NiCWU0LzcAbP63abZckIHkTQaXVF52mX3xQ=="],

    "cheerio-select": ["cheerio-select@2.1.0", "", { "dependencies": { "boolbase": "^1.0.0", "css-select": "^5.1.0", "css-what": "^6.1.0", "domelementtype": "^2.3.0", "domhandler": "^5.0.3", "domutils": "^3.0.1" } }, "sha512-9v9kG0LvzrlcungtnJtpGNxY+fzECQKhK4EGJX2vByejiMX84MFNQw4UxPJl3bFbTMw+Dfs37XaIkCwTZfLh4g=="],

    "colorjs.io": ["colorjs.io@0.5.2", "", {}, "sha512-twmVoizEW7ylZSN32OgKdXRmo1qg+wT5/6C3xu5b9QsWzSFAhHLn2xd8ro0diCsKfCj1RdaTP/nrcW+vAoQPIw=="],

    "cookie": ["cookie@1.0.2", "", {}, "sha512-9Kr/j4O16ISv8zBBhJoi4bXOYNTkFLOqSL3UDB0njXxCXNezjeyVrJyGOWtgfs/q2km1gwBcfH8q1yEGoMYunA=="],

    "css-select": ["css-select@5.1.0", "", { "dependencies": { "boolbase": "^1.0.0", "css-what": "^6.1.0", "domhandler": "^5.0.2", "domutils": "^3.0.1", "nth-check": "^2.0.1" } }, "sha512-nwoRF1rvRRnnCqqY7updORDsuqKzqYJ28+oSMaJMMgOauh3fvwHqMS7EZpIPqK8GL+g9mKxF1vP/ZjSeNjEVHg=="],

    "css-what": ["css-what@6.1.0", "", {}, "sha512-HTUrgRJ7r4dsZKU6GjmpfRK1O76h97Z8MfS1G0FozR+oF2kG6Vfe8JE6zwrkbxigziPHinCJ+gCPjA9EaBDtRw=="],

    "csstype": ["csstype@3.1.3", "", {}, "sha512-M1uQkMl8rQK/szD0LNhtqxIPLpimGm8sOBwU7lLnCpSbTyY3yeU1Vc7l4KT5zT4s/yOxHH5O7tIuuLOCnLADRw=="],

    "dom-serializer": ["dom-serializer@2.0.0", "", { "dependencies": { "domelementtype": "^2.3.0", "domhandler": "^5.0.2", "entities": "^4.2.0" } }, "sha512-wIkAryiqt/nV5EQKqQpo3SToSOV9J0DnbJqwK7Wv/Trc92zIAYZ4FlMu+JPFW1DfGFt81ZTCGgDEabffXeLyJg=="],

    "domelementtype": ["domelementtype@2.3.0", "", {}, "sha512-OLETBj6w0OsagBwdXnPdN0cnMfF9opN69co+7ZrbfPGrdpPVNBUj02spi6B1N7wChLQiPn4CSH/zJvXw56gmHw=="],

    "domhandler": ["domhandler@5.0.3", "", { "dependencies": { "domelementtype": "^2.3.0" } }, "sha512-cgwlv/1iFQiFnU96XXgROh8xTeetsnJiDsTc7TYCLFd9+/WNkIqPTxiM/8pSd8VIrhXGTf1Ny1q1hquVqDJB5w=="],

    "domutils": ["domutils@3.2.2", "", { "dependencies": { "dom-serializer": "^2.0.0", "domelementtype": "^2.3.0", "domhandler": "^5.0.3" } }, "sha512-6kZKyUajlDuqlHKVX1w7gyslj9MPIXzIFiz/rGu35uC1wMi+kMhQwGhl4lt9unC9Vb9INnY9Z3/ZA3+FhASLaw=="],

    "encoding-sniffer": ["encoding-sniffer@0.2.1", "", { "dependencies": { "iconv-lite": "^0.6.3", "whatwg-encoding": "^3.1.1" } }, "sha512-5gvq20T6vfpekVtqrYQsSCFZ1wEg5+wW0/QaZMWkFr6BqD3NfKs0rLCx4rrVlSWJeZb5NBJgVLswK/w2MWU+Gw=="],

    "entities": ["entities@4.5.0", "", {}, "sha512-V0hjH4dGPh9Ao5p0MoRY6BVqtwCjhz6vI5LT8AJ55H+4g9/4vbHx1I54fS0XuclLhDHArPQCiMjDxjaL8fPxhw=="],

    "esbuild": ["esbuild@0.25.5", "", { "optionalDependencies": { "@esbuild/aix-ppc64": "0.25.5", "@esbuild/android-arm": "0.25.5", "@esbuild/android-arm64": "0.25.5", "@esbuild/android-x64": "0.25.5", "@esbuild/darwin-arm64": "0.25.5", "@esbuild/darwin-x64": "0.25.5", "@esbuild/freebsd-arm64": "0.25.5", "@esbuild/freebsd-x64": "0.25.5", "@esbuild/linux-arm": "0.25.5", "@esbuild/linux-arm64": "0.25.5", "@esbuild/linux-ia32": "0.25.5", "@esbuild/linux-loong64": "0.25.5", "@esbuild/linux-mips64el": "0.25.5", "@esbuild/linux-ppc64": "0.25.5", "@esbuild/linux-riscv64": "0.25.5", "@esbuild/linux-s390x": "0.25.5", "@esbuild/linux-x64": "0.25.5", "@esbuild/netbsd-arm64": "0.25.5", "@esbuild/netbsd-x64": "0.25.5", "@esbuild/openbsd-arm64": "0.25.5", "@esbuild/openbsd-x64": "0.25.5", "@esbuild/sunos-x64": "0.25.5", "@esbuild/win32-arm64": "0.25.5", "@esbuild/win32-ia32": "0.25.5", "@esbuild/win32-x64": "0.25.5" }, "bin": { "esbuild": "bin/esbuild" } }, "sha512-P8OtKZRv/5J5hhz0cUAdu/cLuPIKXpQl1R9pZtvmHWQvrAUVd0UNIPT4IB4W3rNOqVO0rlqHmCIbSwxh/c9yUQ=="],

    "fdir": ["fdir@6.4.6", "", { "peerDependencies": { "picomatch": "^3 || ^4" }, "optionalPeers": ["picomatch"] }, "sha512-hiFoqpyZcfNm1yc4u8oWCf9A2c4D3QjCrks3zmoVKVxpQRzmPNar1hUJcBG2RQHvEVGDN+Jm81ZheVLAQMK6+w=="],

    "fsevents": ["fsevents@2.3.3", "", { "os": "darwin" }, "sha512-5xoDfX+fL7faATnagmWPpbFtwh/R77WmMMqqHGS65C3vvB0YHrgF+B1YmZ3441tMj5n63k0212XNoJwzlhffQw=="],

    "globals": ["globals@16.2.0", "", {}, "sha512-O+7l9tPdHCU320IigZZPj5zmRCFG9xHmx9cU8FqU2Rp+JN714seHV+2S9+JslCpY4gJwU2vOGox0wzgae/MCEg=="],

    "has-flag": ["has-flag@4.0.0", "", {}, "sha512-EykJT/Q1KjTWctppgIAgfSO0tKVuZUjhgMr17kqTumMl6Afv3EISleU7qZUzoXDFTAHTDC4NOoG/ZxU3EvlMPQ=="],

    "htmlparser2": ["htmlparser2@10.0.0", "", { "dependencies": { "domelementtype": "^2.3.0", "domhandler": "^5.0.3", "domutils": "^3.2.1", "entities": "^6.0.0" } }, "sha512-TwAZM+zE5Tq3lrEHvOlvwgj1XLWQCtaaibSN11Q+gGBAS7Y1uZSWwXXRe4iF6OXnaq1riyQAPFOBtYc77Mxq0g=="],

    "husky": ["husky@9.1.7", "", { "bin": { "husky": "bin.js" } }, "sha512-5gs5ytaNjBrh5Ow3zrvdUUY+0VxIuWVL4i9irt6friV+BqdCfmV11CQTWMiBYWHbXhco+J1kHfTOUkePhCDvMA=="],

    "iconv-lite": ["iconv-lite@0.6.3", "", { "dependencies": { "safer-buffer": ">= 2.1.2 < 3.0.0" } }, "sha512-4fCk79wshMdzMp2rH06qWrJE4iolqLhCUH+OiuIgU++RB0+94NlDL81atO7GX55uUKueo0txHNtvEyI6D7WdMw=="],

    "immutable": ["immutable@5.1.2", "", {}, "sha512-qHKXW1q6liAk1Oys6umoaZbDRqjcjgSrbnrifHsfsttza7zcvRAsL7mMV6xWcyhwQy7Xj5v4hhbr6b+iDYwlmQ=="],

    "nanoid": ["nanoid@3.3.11", "", { "bin": { "nanoid": "bin/nanoid.cjs" } }, "sha512-N8SpfPUnUp1bK+PMYW8qSWdl9U+wwNWI4QKxOYDy9JAro3WMX7p2OeVRF9v+347pnakNevPmiHhNmZ2HbFA76w=="],

    "nth-check": ["nth-check@2.1.1", "", { "dependencies": { "boolbase": "^1.0.0" } }, "sha512-lqjrjmaOoAnWfMmBPL+XNnynZh2+swxiX3WUE0s4yEHI6m+AwrK2UZOimIRl3X/4QctVqS8AiZjFqyOGrMXb/w=="],

    "parse5": ["parse5@7.3.0", "", { "dependencies": { "entities": "^6.0.0" } }, "sha512-IInvU7fabl34qmi9gY8XOVxhYyMyuH2xUNpb2q8/Y+7552KlejkRvqvD19nMoUW/uQGGbqNpA6Tufu5FL5BZgw=="],

    "parse5-htmlparser2-tree-adapter": ["parse5-htmlparser2-tree-adapter@7.1.0", "", { "dependencies": { "domhandler": "^5.0.3", "parse5": "^7.0.0" } }, "sha512-ruw5xyKs6lrpo9x9rCZqZZnIUntICjQAd0Wsmp396Ul9lN/h+ifgVV1x1gZHi8euej6wTfpqX8j+BFQxF0NS/g=="],

    "parse5-parser-stream": ["parse5-parser-stream@7.1.2", "", { "dependencies": { "parse5": "^7.0.0" } }, "sha512-JyeQc9iwFLn5TbvvqACIF/VXG6abODeB3Fwmv/TGdLk2LfbWkaySGY72at4+Ty7EkPZj854u4CrICqNk2qIbow=="],

    "picocolors": ["picocolors@1.1.1", "", {}, "sha512-xceH2snhtb5M9liqDsmEw56le376mTZkEX/jEb/RxNFyegNul7eNslCXP9FDj/Lcu0X8KEyMceP2ntpaHrDEVA=="],

    "picomatch": ["picomatch@4.0.2", "", {}, "sha512-M7BAV6Rlcy5u+m6oPhAPFgJTzAioX/6B0DxyvDlo9l8+T3nLKbrczg2WLUyzd45L8RqfUMyGPzekbMvX2Ldkwg=="],

    "playwright": ["playwright@1.53.1", "", { "dependencies": { "playwright-core": "1.53.1" }, "optionalDependencies": { "fsevents": "2.3.2" }, "bin": { "playwright": "cli.js" } }, "sha512-LJ13YLr/ocweuwxyGf1XNFWIU4M2zUSo149Qbp+A4cpwDjsxRPj7k6H25LBrEHiEwxvRbD8HdwvQmRMSvquhYw=="],

    "playwright-core": ["playwright-core@1.53.1", "", { "bin": { "playwright-core": "cli.js" } }, "sha512-Z46Oq7tLAyT0lGoFx4DOuB1IA9D1TPj0QkYxpPVUnGDqHHvDpCftu1J2hM2PiWsNMoZh8+LQaarAWcDfPBc6zg=="],

    "postcss": ["postcss@8.5.6", "", { "dependencies": { "nanoid": "^3.3.11", "picocolors": "^1.1.1", "source-map-js": "^1.2.1" } }, "sha512-3Ybi1tAuwAP9s0r1UQ2J4n5Y0G05bJkpUIO0/bI9MhwmD70S5aTWbXGBwxHrelT+XM1k6dM0pk+SwNkpTRN7Pg=="],

    "react": ["react@19.1.0", "", {}, "sha512-FS+XFBNvn3GTAWq26joslQgWNoFu08F4kl0J4CgdNKADkdSGXQyTCnKteIAJy96Br6YbpEU1LSzV5dYtjMkMDg=="],

    "react-dom": ["react-dom@19.1.0", "", { "dependencies": { "scheduler": "^0.26.0" }, "peerDependencies": { "react": "^19.1.0" } }, "sha512-Xs1hdnE+DyKgeHJeJznQmYMIBG3TKIHJJT95Q58nHLSrElKlGQqDTR2HQ9fx5CN/Gk6Vh/kupBTDLU11/nDk/g=="],

    "react-router": ["react-router@7.6.2", "", { "dependencies": { "cookie": "^1.0.1", "set-cookie-parser": "^2.6.0" }, "peerDependencies": { "react": ">=18", "react-dom": ">=18" }, "optionalPeers": ["react-dom"] }, "sha512-U7Nv3y+bMimgWjhlT5CRdzHPu2/KVmqPwKUCChW8en5P3znxUqwlYFlbmyj8Rgp1SF6zs5X4+77kBVknkg6a0w=="],

    "rollup": ["rollup@4.42.0", "", { "dependencies": { "@types/estree": "1.0.7" }, "optionalDependencies": { "@rollup/rollup-android-arm-eabi": "4.42.0", "@rollup/rollup-android-arm64": "4.42.0", "@rollup/rollup-darwin-arm64": "4.42.0", "@rollup/rollup-darwin-x64": "4.42.0", "@rollup/rollup-freebsd-arm64": "4.42.0", "@rollup/rollup-freebsd-x64": "4.42.0", "@rollup/rollup-linux-arm-gnueabihf": "4.42.0", "@rollup/rollup-linux-arm-musleabihf": "4.42.0", "@rollup/rollup-linux-arm64-gnu": "4.42.0", "@rollup/rollup-linux-arm64-musl": "4.42.0", "@rollup/rollup-linux-loongarch64-gnu": "4.42.0", "@rollup/rollup-linux-powerpc64le-gnu": "4.42.0", "@rollup/rollup-linux-riscv64-gnu": "4.42.0", "@rollup/rollup-linux-riscv64-musl": "4.42.0", "@rollup/rollup-linux-s390x-gnu": "4.42.0", "@rollup/rollup-linux-x64-gnu": "4.42.0", "@rollup/rollup-linux-x64-musl": "4.42.0", "@rollup/rollup-win32-arm64-msvc": "4.42.0", "@rollup/rollup-win32-ia32-msvc": "4.42.0", "@rollup/rollup-win32-x64-msvc": "4.42.0", "fsevents": "~2.3.2" }, "bin": { "rollup": "dist/bin/rollup" } }, "sha512-LW+Vse3BJPyGJGAJt1j8pWDKPd73QM8cRXYK1IxOBgL2AGLu7Xd2YOW0M2sLUBCkF5MshXXtMApyEAEzMVMsnw=="],

    "rxjs": ["rxjs@7.8.2", "", { "dependencies": { "tslib": "^2.1.0" } }, "sha512-dhKf903U/PQZY6boNNtAGdWbG85WAbjT/1xYoZIC7FAY0yWapOBQVsVrDl58W86//e1VpMNBtRV4MaXfdMySFA=="],

    "safer-buffer": ["safer-buffer@2.1.2", "", {}, "sha512-YZo3K82SD7Riyi0E1EQPojLz7kpepnSQI9IyPbHHg1XXXevb5dJI7tpyN2ADxGcQbHG7vcyRHk0cbwqcQriUtg=="],

    "sass-embedded": ["sass-embedded@1.89.2", "", { "dependencies": { "@bufbuild/protobuf": "^2.5.0", "buffer-builder": "^0.2.0", "colorjs.io": "^0.5.0", "immutable": "^5.0.2", "rxjs": "^7.4.0", "supports-color": "^8.1.1", "sync-child-process": "^1.0.2", "varint": "^6.0.0" }, "optionalDependencies": { "sass-embedded-android-arm": "1.89.2", "sass-embedded-android-arm64": "1.89.2", "sass-embedded-android-riscv64": "1.89.2", "sass-embedded-android-x64": "1.89.2", "sass-embedded-darwin-arm64": "1.89.2", "sass-embedded-darwin-x64": "1.89.2", "sass-embedded-linux-arm": "1.89.2", "sass-embedded-linux-arm64": "1.89.2", "sass-embedded-linux-musl-arm": "1.89.2", "sass-embedded-linux-musl-arm64": "1.89.2", "sass-embedded-linux-musl-riscv64": "1.89.2", "sass-embedded-linux-musl-x64": "1.89.2", "sass-embedded-linux-riscv64": "1.89.2", "sass-embedded-linux-x64": "1.89.2", "sass-embedded-win32-arm64": "1.89.2", "sass-embedded-win32-x64": "1.89.2" }, "bin": { "sass": "dist/bin/sass.js" } }, "sha512-Ack2K8rc57kCFcYlf3HXpZEJFNUX8xd8DILldksREmYXQkRHI879yy8q4mRDJgrojkySMZqmmmW1NxrFxMsYaA=="],

    "sass-embedded-android-arm": ["sass-embedded-android-arm@1.89.2", "", { "os": "android", "cpu": "arm" }, "sha512-oHAPTboBHRZlDBhyRB6dvDKh4KvFs+DZibDHXbkSI6dBZxMTT+Yb2ivocHnctVGucKTLQeT7+OM5DjWHyynL/A=="],

    "sass-embedded-android-arm64": ["sass-embedded-android-arm64@1.89.2", "", { "os": "android", "cpu": "arm64" }, "sha512-+pq7a7AUpItNyPu61sRlP6G2A8pSPpyazASb+8AK2pVlFayCSPAEgpwpCE9A2/Xj86xJZeMizzKUHxM2CBCUxA=="],

    "sass-embedded-android-riscv64": ["sass-embedded-android-riscv64@1.89.2", "", { "os": "android", "cpu": "none" }, "sha512-HfJJWp/S6XSYvlGAqNdakeEMPOdhBkj2s2lN6SHnON54rahKem+z9pUbCriUJfM65Z90lakdGuOfidY61R9TYg=="],

    "sass-embedded-android-x64": ["sass-embedded-android-x64@1.89.2", "", { "os": "android", "cpu": "x64" }, "sha512-BGPzq53VH5z5HN8de6jfMqJjnRe1E6sfnCWFd4pK+CAiuM7iw5Fx6BQZu3ikfI1l2GY0y6pRXzsVLdp/j4EKEA=="],

    "sass-embedded-darwin-arm64": ["sass-embedded-darwin-arm64@1.89.2", "", { "os": "darwin", "cpu": "arm64" }, "sha512-UCm3RL/tzMpG7DsubARsvGUNXC5pgfQvP+RRFJo9XPIi6elopY5B6H4m9dRYDpHA+scjVthdiDwkPYr9+S/KGw=="],

    "sass-embedded-darwin-x64": ["sass-embedded-darwin-x64@1.89.2", "", { "os": "darwin", "cpu": "x64" }, "sha512-D9WxtDY5VYtMApXRuhQK9VkPHB8R79NIIR6xxVlN2MIdEid/TZWi1MHNweieETXhWGrKhRKglwnHxxyKdJYMnA=="],

    "sass-embedded-linux-arm": ["sass-embedded-linux-arm@1.89.2", "", { "os": "linux", "cpu": "arm" }, "sha512-leP0t5U4r95dc90o8TCWfxNXwMAsQhpWxTkdtySDpngoqtTy3miMd7EYNYd1znI0FN1CBaUvbdCMbnbPwygDlA=="],

    "sass-embedded-linux-arm64": ["sass-embedded-linux-arm64@1.89.2", "", { "os": "linux", "cpu": "arm64" }, "sha512-2N4WW5LLsbtrWUJ7iTpjvhajGIbmDR18ZzYRywHdMLpfdPApuHPMDF5CYzHbS+LLx2UAx7CFKBnj5LLjY6eFgQ=="],

    "sass-embedded-linux-musl-arm": ["sass-embedded-linux-musl-arm@1.89.2", "", { "os": "linux", "cpu": "arm" }, "sha512-Z6gG2FiVEEdxYHRi2sS5VIYBmp17351bWtOCUZ/thBM66+e70yiN6Eyqjz80DjL8haRUegNQgy9ZJqsLAAmr9g=="],

    "sass-embedded-linux-musl-arm64": ["sass-embedded-linux-musl-arm64@1.89.2", "", { "os": "linux", "cpu": "arm64" }, "sha512-nTyuaBX6U1A/cG7WJh0pKD1gY8hbg1m2SnzsyoFG+exQ0lBX/lwTLHq3nyhF+0atv7YYhYKbmfz+sjPP8CZ9lw=="],

    "sass-embedded-linux-musl-riscv64": ["sass-embedded-linux-musl-riscv64@1.89.2", "", { "os": "linux", "cpu": "none" }, "sha512-N6oul+qALO0SwGY8JW7H/Vs0oZIMrRMBM4GqX3AjM/6y8JsJRxkAwnfd0fDyK+aICMFarDqQonQNIx99gdTZqw=="],

    "sass-embedded-linux-musl-x64": ["sass-embedded-linux-musl-x64@1.89.2", "", { "os": "linux", "cpu": "x64" }, "sha512-K+FmWcdj/uyP8GiG9foxOCPfb5OAZG0uSVq80DKgVSC0U44AdGjvAvVZkrgFEcZ6cCqlNC2JfYmslB5iqdL7tg=="],

    "sass-embedded-linux-riscv64": ["sass-embedded-linux-riscv64@1.89.2", "", { "os": "linux", "cpu": "none" }, "sha512-g9nTbnD/3yhOaskeqeBQETbtfDQWRgsjHok6bn7DdAuwBsyrR3JlSFyqKc46pn9Xxd9SQQZU8AzM4IR+sY0A0w=="],

    "sass-embedded-linux-x64": ["sass-embedded-linux-x64@1.89.2", "", { "os": "linux", "cpu": "x64" }, "sha512-Ax7dKvzncyQzIl4r7012KCMBvJzOz4uwSNoyoM5IV6y5I1f5hEwI25+U4WfuTqdkv42taCMgpjZbh9ERr6JVMQ=="],

    "sass-embedded-win32-arm64": ["sass-embedded-win32-arm64@1.89.2", "", { "os": "win32", "cpu": "arm64" }, "sha512-j96iJni50ZUsfD6tRxDQE2QSYQ2WrfHxeiyAXf41Kw0V4w5KYR/Sf6rCZQLMTUOHnD16qTMVpQi20LQSqf4WGg=="],

    "sass-embedded-win32-x64": ["sass-embedded-win32-x64@1.89.2", "", { "os": "win32", "cpu": "x64" }, "sha512-cS2j5ljdkQsb4PaORiClaVYynE9OAPZG/XjbOMxpQmjRIf7UroY4PEIH+Waf+y47PfXFX9SyxhYuw2NIKGbEng=="],

    "scheduler": ["scheduler@0.26.0", "", {}, "sha512-NlHwttCI/l5gCPR3D1nNXtWABUmBwvZpEQiD4IXSbIDq8BzLIK/7Ir5gTFSGZDUu37K5cMNp0hFtzO38sC7gWA=="],

    "set-cookie-parser": ["set-cookie-parser@2.7.1", "", {}, "sha512-IOc8uWeOZgnb3ptbCURJWNjWUPcO3ZnTTdzsurqERrP6nPyv+paC55vJM0LpOlT2ne+Ix+9+CRG1MNLlyZ4GjQ=="],

    "source-map-js": ["source-map-js@1.2.1", "", {}, "sha512-UXWMKhLOwVKb728IUtQPXxfYU+usdybtUrK/8uGE8CQMvrhOpwvzDBwj0QhSL7MQc7vIsISBG8VQ8+IDQxpfQA=="],

    "supports-color": ["supports-color@8.1.1", "", { "dependencies": { "has-flag": "^4.0.0" } }, "sha512-MpUEN2OodtUzxvKQl72cUF7RQ5EiHsGvSsVG0ia9c5RbWGL2CI4C7EpPS8UTBIplnlzZiNuV56w+FuNxy3ty2Q=="],

    "sync-child-process": ["sync-child-process@1.0.2", "", { "dependencies": { "sync-message-port": "^1.0.0" } }, "sha512-8lD+t2KrrScJ/7KXCSyfhT3/hRq78rC0wBFqNJXv3mZyn6hW2ypM05JmlSvtqRbeq6jqA94oHbxAr2vYsJ8vDA=="],

    "sync-message-port": ["sync-message-port@1.1.3", "", {}, "sha512-GTt8rSKje5FilG+wEdfCkOcLL7LWqpMlr2c3LRuKt/YXxcJ52aGSbGBAdI4L3aaqfrBt6y711El53ItyH1NWzg=="],

    "tinyglobby": ["tinyglobby@0.2.14", "", { "dependencies": { "fdir": "^6.4.4", "picomatch": "^4.0.2" } }, "sha512-tX5e7OM1HnYr2+a2C/4V0htOcSQcoSTH9KgJnVvNm5zm/cyEWKJ7j7YutsH9CxMdtOkkLFy2AHrMci9IM8IPZQ=="],

    "tslib": ["tslib@2.8.1", "", {}, "sha512-oJFu94HQb+KVduSUQL7wnpmqnfmLsOA/nAh6b6EH0wCEoK0/mPeXU6c3wKDV83MkOuHPRHtSXKKU99IBazS/2w=="],

    "typescript": ["typescript@5.8.3", "", { "bin": { "tsc": "bin/tsc", "tsserver": "bin/tsserver" } }, "sha512-p1diW6TqL9L07nNxvRMM7hMMw4c5XOo/1ibL4aAIGmSAt9slTE1Xgw5KWuof2uTOvCg9BY7ZRi+GaF+7sfgPeQ=="],

    "undici": ["undici@7.10.0", "", {}, "sha512-u5otvFBOBZvmdjWLVW+5DAc9Nkq8f24g0O9oY7qw2JVIF1VocIFoyz9JFkuVOS2j41AufeO0xnlweJ2RLT8nGw=="],

    "undici-types": ["undici-types@7.8.0", "", {}, "sha512-9UJ2xGDvQ43tYyVMpuHlsgApydB8ZKfVYTsLDhXkFL/6gfkp+U8xTGdh8pMJv1SpZna0zxG1DwsKZsreLbXBxw=="],

    "varint": ["varint@6.0.0", "", {}, "sha512-cXEIW6cfr15lFv563k4GuVuW/fiwjknytD37jIOLSdSWuOI6WnO/oKwmP2FQTU2l01LP8/M5TSAJpzUaGe3uWg=="],

    "vite": ["vite@7.0.0", "", { "dependencies": { "esbuild": "^0.25.0", "fdir": "^6.4.6", "picomatch": "^4.0.2", "postcss": "^8.5.6", "rollup": "^4.40.0", "tinyglobby": "^0.2.14" }, "optionalDependencies": { "fsevents": "~2.3.3" }, "peerDependencies": { "@types/node": "^20.19.0 || >=22.12.0", "jiti": ">=1.21.0", "less": "^4.0.0", "lightningcss": "^1.21.0", "sass": "^1.70.0", "sass-embedded": "^1.70.0", "stylus": ">=0.54.8", "sugarss": "^5.0.0", "terser": "^5.16.0", "tsx": "^4.8.1", "yaml": "^2.4.2" }, "optionalPeers": ["@types/node", "jiti", "less", "lightningcss", "sass", "sass-embedded", "stylus", "sugarss", "terser", "tsx", "yaml"], "bin": { "vite": "bin/vite.js" } }, "sha512-ixXJB1YRgDIw2OszKQS9WxGHKwLdCsbQNkpJN171udl6szi/rIySHL6/Os3s2+oE4P/FLD4dxg4mD7Wust+u5g=="],

    "whatwg-encoding": ["whatwg-encoding@3.1.1", "", { "dependencies": { "iconv-lite": "0.6.3" } }, "sha512-6qN4hJdMwfYBtE3YBTTHhoeuUrDBPZmbQaxWAqSALV/MeEnR5z1xd8UKud2RAkFoPkmB+hli1TZSnyi84xz1vQ=="],

    "whatwg-mimetype": ["whatwg-mimetype@4.0.0", "", {}, "sha512-QaKxh0eNIi2mE9p2vEdzfagOKHCcj1pJ56EEHGQOVxp8r9/iszLUUV7v89x9O1p/T+NlTM5W7jW6+cz4Fq1YVg=="],

    "htmlparser2/entities": ["entities@6.0.1", "", {}, "sha512-aN97NXWF6AWBTahfVOIrB/NShkzi5H7F9r1s9mD3cDj4Ko5f2qhhVoYMibXF7GlLveb/D2ioWay8lxI97Ven3g=="],

    "parse5/entities": ["entities@6.0.1", "", {}, "sha512-aN97NXWF6AWBTahfVOIrB/NShkzi5H7F9r1s9mD3cDj4Ko5f2qhhVoYMibXF7GlLveb/D2ioWay8lxI97Ven3g=="],

    "playwright/fsevents": ["fsevents@2.3.2", "", { "os": "darwin" }, "sha512-xiqMQR4xAeHTuB9uWm+fFRcIOgKBMiOBP+eXiyT7jsgVCq1bkVygt00oASowB7EdtpOHaaPgKt812P9ab+DDKA=="],

    "tinyglobby/fdir": ["fdir@6.4.5", "", { "peerDependencies": { "picomatch": "^3 || ^4" }, "optionalPeers": ["picomatch"] }, "sha512-4BG7puHpVsIYxZUbiUE3RqGloLaSSwzYie5jvasC4LWuBWzZawynvYouhjbQKw2JuIGYdm0DzIxl8iVidKlUEw=="],
  }
}
